
Microsoft Visual Studio Solution File, Format Version 12.00
# Visual Studio Version 16
VisualStudioVersion = 16.0.31911.196
MinimumVisualStudioVersion = 10.0.40219.1
Project("{2150E333-8FDC-42A3-9474-1A3956D46DE8}") = "ApplicationCore", "ApplicationCore", "{77100D32-5A51-4A14-AD05-0A9C5701A4E4}"
EndProject
Project("{2150E333-8FDC-42A3-9474-1A3956D46DE8}") = "Infrastructure", "Infrastructure", "{78013E8A-125E-46DC-A2DD-0B2B3B5E87FA}"
EndProject
Project("{2150E333-8FDC-42A3-9474-1A3956D46DE8}") = "Host", "Host", "{A8F73AF5-131D-4E23-BCE9-CAAED44D8210}"
EndProject
Project("{9A19103F-16F7-4668-BE54-9A1E7A4F7556}") = "cm.Application", "cm.Application\cm.Application.csproj", "{26370D26-E882-4D4F-8990-8955AB170671}"
EndProject
Project("{9A19103F-16F7-4668-BE54-9A1E7A4F7556}") = "cm.Repository", "cm.Repository\cm.Repository.csproj", "{F45D9FEA-BFFD-49E5-95CA-B46AAF99CA5C}"
EndProject
Project("{9A19103F-16F7-4668-BE54-9A1E7A4F7556}") = "cm.Infrastructure", "cm.Infra\cm.Infrastructure.csproj", "{7AEF11D8-F0D6-4AE9-A128-A16EC56806C0}"
EndProject
Project("{9A19103F-16F7-4668-BE54-9A1E7A4F7556}") = "cm.IoC", "cm.Ioc\cm.IoC.csproj", "{E60FF0E5-9166-43A1-B50C-F34D5251BD2B}"
EndProject
Project("{2150E333-8FDC-42A3-9474-1A3956D46DE8}") = "Domain", "Domain", "{90AAEAF9-A6C1-4647-A7B9-4ADD78EB5C97}"
EndProject
Project("{9A19103F-16F7-4668-BE54-9A1E7A4F7556}") = "cm.Domain", "cm.Domain\cm.Domain.csproj", "{8F9A175B-8281-4AD4-985A-412436C7D472}"
EndProject
Project("{2150E333-8FDC-42A3-9474-1A3956D46DE8}") = "Common", "Common", "{797435E5-77B0-4F0D-8CA4-B910613C4042}"
EndProject
Project("{9A19103F-16F7-4668-BE54-9A1E7A4F7556}") = "cm.Utilities", "cm.Utilities\cm.Utilities.csproj", "{90D0FF68-9A04-4307-A7B9-6BCE44527701}"
EndProject
Project("{9A19103F-16F7-4668-BE54-9A1E7A4F7556}") = "cm.ViewModels", "cm.ViewModels\cm.ViewModels.csproj", "{3B232217-D6A4-4DBA-91E1-BCF7B5F27584}"
EndProject
Project("{9A19103F-16F7-4668-BE54-9A1E7A4F7556}") = "cm.BackendApi", "cm.BackendApi\cm.BackendApi.csproj", "{DED27F14-BF49-44FA-AD43-0114C331292D}"
EndProject
Global
	GlobalSection(SolutionConfigurationPlatforms) = preSolution
		Debug|Any CPU = Debug|Any CPU
		Release|Any CPU = Release|Any CPU
	EndGlobalSection
	GlobalSection(ProjectConfigurationPlatforms) = postSolution
		{26370D26-E882-4D4F-8990-8955AB170671}.Debug|Any CPU.ActiveCfg = Debug|Any CPU
		{26370D26-E882-4D4F-8990-8955AB170671}.Debug|Any CPU.Build.0 = Debug|Any CPU
		{26370D26-E882-4D4F-8990-8955AB170671}.Release|Any CPU.ActiveCfg = Release|Any CPU
		{26370D26-E882-4D4F-8990-8955AB170671}.Release|Any CPU.Build.0 = Release|Any CPU
		{F45D9FEA-BFFD-49E5-95CA-B46AAF99CA5C}.Debug|Any CPU.ActiveCfg = Debug|Any CPU
		{F45D9FEA-BFFD-49E5-95CA-B46AAF99CA5C}.Debug|Any CPU.Build.0 = Debug|Any CPU
		{F45D9FEA-BFFD-49E5-95CA-B46AAF99CA5C}.Release|Any CPU.ActiveCfg = Release|Any CPU
		{F45D9FEA-BFFD-49E5-95CA-B46AAF99CA5C}.Release|Any CPU.Build.0 = Release|Any CPU
		{7AEF11D8-F0D6-4AE9-A128-A16EC56806C0}.Debug|Any CPU.ActiveCfg = Debug|Any CPU
		{7AEF11D8-F0D6-4AE9-A128-A16EC56806C0}.Debug|Any CPU.Build.0 = Debug|Any CPU
		{7AEF11D8-F0D6-4AE9-A128-A16EC56806C0}.Release|Any CPU.ActiveCfg = Release|Any CPU
		{7AEF11D8-F0D6-4AE9-A128-A16EC56806C0}.Release|Any CPU.Build.0 = Release|Any CPU
		{E60FF0E5-9166-43A1-B50C-F34D5251BD2B}.Debug|Any CPU.ActiveCfg = Debug|Any CPU
		{E60FF0E5-9166-43A1-B50C-F34D5251BD2B}.Debug|Any CPU.Build.0 = Debug|Any CPU
		{E60FF0E5-9166-43A1-B50C-F34D5251BD2B}.Release|Any CPU.ActiveCfg = Release|Any CPU
		{E60FF0E5-9166-43A1-B50C-F34D5251BD2B}.Release|Any CPU.Build.0 = Release|Any CPU
		{8F9A175B-8281-4AD4-985A-412436C7D472}.Debug|Any CPU.ActiveCfg = Debug|Any CPU
		{8F9A175B-8281-4AD4-985A-412436C7D472}.Debug|Any CPU.Build.0 = Debug|Any CPU
		{8F9A175B-8281-4AD4-985A-412436C7D472}.Release|Any CPU.ActiveCfg = Release|Any CPU
		{8F9A175B-8281-4AD4-985A-412436C7D472}.Release|Any CPU.Build.0 = Release|Any CPU
		{90D0FF68-9A04-4307-A7B9-6BCE44527701}.Debug|Any CPU.ActiveCfg = Debug|Any CPU
		{90D0FF68-9A04-4307-A7B9-6BCE44527701}.Debug|Any CPU.Build.0 = Debug|Any CPU
		{90D0FF68-9A04-4307-A7B9-6BCE44527701}.Release|Any CPU.ActiveCfg = Release|Any CPU
		{90D0FF68-9A04-4307-A7B9-6BCE44527701}.Release|Any CPU.Build.0 = Release|Any CPU
		{3B232217-D6A4-4DBA-91E1-BCF7B5F27584}.Debug|Any CPU.ActiveCfg = Debug|Any CPU
		{3B232217-D6A4-4DBA-91E1-BCF7B5F27584}.Debug|Any CPU.Build.0 = Debug|Any CPU
		{3B232217-D6A4-4DBA-91E1-BCF7B5F27584}.Release|Any CPU.ActiveCfg = Release|Any CPU
		{3B232217-D6A4-4DBA-91E1-BCF7B5F27584}.Release|Any CPU.Build.0 = Release|Any CPU
		{DED27F14-BF49-44FA-AD43-0114C331292D}.Debug|Any CPU.ActiveCfg = Debug|Any CPU
		{DED27F14-BF49-44FA-AD43-0114C331292D}.Debug|Any CPU.Build.0 = Debug|Any CPU
		{DED27F14-BF49-44FA-AD43-0114C331292D}.Release|Any CPU.ActiveCfg = Release|Any CPU
		{DED27F14-BF49-44FA-AD43-0114C331292D}.Release|Any CPU.Build.0 = Release|Any CPU
	EndGlobalSection
	GlobalSection(SolutionProperties) = preSolution
		HideSolutionNode = FALSE
	EndGlobalSection
	GlobalSection(NestedProjects) = preSolution
		{26370D26-E882-4D4F-8990-8955AB170671} = {77100D32-5A51-4A14-AD05-0A9C5701A4E4}
		{F45D9FEA-BFFD-49E5-95CA-B46AAF99CA5C} = {90AAEAF9-A6C1-4647-A7B9-4ADD78EB5C97}
		{7AEF11D8-F0D6-4AE9-A128-A16EC56806C0} = {78013E8A-125E-46DC-A2DD-0B2B3B5E87FA}
		{E60FF0E5-9166-43A1-B50C-F34D5251BD2B} = {78013E8A-125E-46DC-A2DD-0B2B3B5E87FA}
		{8F9A175B-8281-4AD4-985A-412436C7D472} = {90AAEAF9-A6C1-4647-A7B9-4ADD78EB5C97}
		{90D0FF68-9A04-4307-A7B9-6BCE44527701} = {797435E5-77B0-4F0D-8CA4-B910613C4042}
		{3B232217-D6A4-4DBA-91E1-BCF7B5F27584} = {797435E5-77B0-4F0D-8CA4-B910613C4042}
		{DED27F14-BF49-44FA-AD43-0114C331292D} = {A8F73AF5-131D-4E23-BCE9-CAAED44D8210}
	EndGlobalSection
	GlobalSection(ExtensibilityGlobals) = postSolution
		SolutionGuid = {103F897C-D14B-4FF2-955D-45B879D04458}
	EndGlobalSection
EndGlobal
