
Microsoft Visual Studio Solution File, Format Version 12.00
# Visual Studio Version 16
VisualStudioVersion = 16.0.31911.196
MinimumVisualStudioVersion = 10.0.40219.1
Project("{2150E333-8FDC-42A3-9474-1A3956D46DE8}") = "ApplicationCore", "ApplicationCore", "{77100D32-5A51-4A14-AD05-0A9C5701A4E4}"
EndProject
Project("{2150E333-8FDC-42A3-9474-1A3956D46DE8}") = "Infrastructure", "Infrastructure", "{78013E8A-125E-46DC-A2DD-0B2B3B5E87FA}"
EndProject
Project("{2150E333-8FDC-42A3-9474-1A3956D46DE8}") = "Host", "Host", "{A8F73AF5-131D-4E23-BCE9-CAAED44D8210}"
EndProject
Project("{9A19103F-16F7-4668-BE54-9A1E7A4F7556}") = "Application", "Application\Application.csproj", "{26370D26-E882-4D4F-8990-8955AB170671}"
EndProject
Project("{9A19103F-16F7-4668-BE54-9A1E7A4F7556}") = "Infrastructure", "Infra\Infrastructure.csproj", "{7AEF11D8-F0D6-4AE9-A128-A16EC56806C0}"
EndProject
Project("{9A19103F-16F7-4668-BE54-9A1E7A4F7556}") = "IoC", "Ioc\IoC.csproj", "{E60FF0E5-9166-43A1-B50C-F34D5251BD2B}"
EndProject
Project("{2150E333-8FDC-42A3-9474-1A3956D46DE8}") = "Common", "Common", "{797435E5-77B0-4F0D-8CA4-B910613C4042}"
EndProject
Project("{9A19103F-16F7-4668-BE54-9A1E7A4F7556}") = "Utilities", "Utilities\Utilities.csproj", "{90D0FF68-9A04-4307-A7B9-6BCE44527701}"
EndProject
Project("{9A19103F-16F7-4668-BE54-9A1E7A4F7556}") = "ViewModels", "ViewModels\ViewModels.csproj", "{3B232217-D6A4-4DBA-91E1-BCF7B5F27584}"
EndProject
Project("{9A19103F-16F7-4668-BE54-9A1E7A4F7556}") = "BackendApi", "BackendApi\BackendApi.csproj", "{DED27F14-BF49-44FA-AD43-0114C331292D}"
EndProject
Project("{2150E333-8FDC-42A3-9474-1A3956D46DE8}") = "Domain", "Domain", "{36F0ED3D-E472-4C48-833A-A93EE8F0126F}"
EndProject
Project("{9A19103F-16F7-4668-BE54-9A1E7A4F7556}") = "Domain", "Domain\Domain.csproj", "{0BE9FCBD-5C75-4113-A129-E8FD277E5CF7}"
EndProject
Project("{9A19103F-16F7-4668-BE54-9A1E7A4F7556}") = "Repository", "Repository\Repository.csproj", "{2A58883E-F7C8-4B7A-86FD-4F81F9C4287F}"
EndProject
Global
	GlobalSection(SolutionConfigurationPlatforms) = preSolution
		Debug|Any CPU = Debug|Any CPU
		Release|Any CPU = Release|Any CPU
	EndGlobalSection
	GlobalSection(ProjectConfigurationPlatforms) = postSolution
		{26370D26-E882-4D4F-8990-8955AB170671}.Debug|Any CPU.ActiveCfg = Debug|Any CPU
		{26370D26-E882-4D4F-8990-8955AB170671}.Debug|Any CPU.Build.0 = Debug|Any CPU
		{26370D26-E882-4D4F-8990-8955AB170671}.Release|Any CPU.ActiveCfg = Release|Any CPU
		{26370D26-E882-4D4F-8990-8955AB170671}.Release|Any CPU.Build.0 = Release|Any CPU
		{7AEF11D8-F0D6-4AE9-A128-A16EC56806C0}.Debug|Any CPU.ActiveCfg = Debug|Any CPU
		{7AEF11D8-F0D6-4AE9-A128-A16EC56806C0}.Debug|Any CPU.Build.0 = Debug|Any CPU
		{7AEF11D8-F0D6-4AE9-A128-A16EC56806C0}.Release|Any CPU.ActiveCfg = Release|Any CPU
		{7AEF11D8-F0D6-4AE9-A128-A16EC56806C0}.Release|Any CPU.Build.0 = Release|Any CPU
		{E60FF0E5-9166-43A1-B50C-F34D5251BD2B}.Debug|Any CPU.ActiveCfg = Debug|Any CPU
		{E60FF0E5-9166-43A1-B50C-F34D5251BD2B}.Debug|Any CPU.Build.0 = Debug|Any CPU
		{E60FF0E5-9166-43A1-B50C-F34D5251BD2B}.Release|Any CPU.ActiveCfg = Release|Any CPU
		{E60FF0E5-9166-43A1-B50C-F34D5251BD2B}.Release|Any CPU.Build.0 = Release|Any CPU
		{90D0FF68-9A04-4307-A7B9-6BCE44527701}.Debug|Any CPU.ActiveCfg = Debug|Any CPU
		{90D0FF68-9A04-4307-A7B9-6BCE44527701}.Debug|Any CPU.Build.0 = Debug|Any CPU
		{90D0FF68-9A04-4307-A7B9-6BCE44527701}.Release|Any CPU.ActiveCfg = Release|Any CPU
		{90D0FF68-9A04-4307-A7B9-6BCE44527701}.Release|Any CPU.Build.0 = Release|Any CPU
		{3B232217-D6A4-4DBA-91E1-BCF7B5F27584}.Debug|Any CPU.ActiveCfg = Debug|Any CPU
		{3B232217-D6A4-4DBA-91E1-BCF7B5F27584}.Debug|Any CPU.Build.0 = Debug|Any CPU
		{3B232217-D6A4-4DBA-91E1-BCF7B5F27584}.Release|Any CPU.ActiveCfg = Release|Any CPU
		{3B232217-D6A4-4DBA-91E1-BCF7B5F27584}.Release|Any CPU.Build.0 = Release|Any CPU
		{DED27F14-BF49-44FA-AD43-0114C331292D}.Debug|Any CPU.ActiveCfg = Debug|Any CPU
		{DED27F14-BF49-44FA-AD43-0114C331292D}.Debug|Any CPU.Build.0 = Debug|Any CPU
		{DED27F14-BF49-44FA-AD43-0114C331292D}.Release|Any CPU.ActiveCfg = Release|Any CPU
		{DED27F14-BF49-44FA-AD43-0114C331292D}.Release|Any CPU.Build.0 = Release|Any CPU
		{0BE9FCBD-5C75-4113-A129-E8FD277E5CF7}.Debug|Any CPU.ActiveCfg = Debug|Any CPU
		{0BE9FCBD-5C75-4113-A129-E8FD277E5CF7}.Debug|Any CPU.Build.0 = Debug|Any CPU
		{0BE9FCBD-5C75-4113-A129-E8FD277E5CF7}.Release|Any CPU.ActiveCfg = Release|Any CPU
		{0BE9FCBD-5C75-4113-A129-E8FD277E5CF7}.Release|Any CPU.Build.0 = Release|Any CPU
		{2A58883E-F7C8-4B7A-86FD-4F81F9C4287F}.Debug|Any CPU.ActiveCfg = Debug|Any CPU
		{2A58883E-F7C8-4B7A-86FD-4F81F9C4287F}.Debug|Any CPU.Build.0 = Debug|Any CPU
		{2A58883E-F7C8-4B7A-86FD-4F81F9C4287F}.Release|Any CPU.ActiveCfg = Release|Any CPU
		{2A58883E-F7C8-4B7A-86FD-4F81F9C4287F}.Release|Any CPU.Build.0 = Release|Any CPU
	EndGlobalSection
	GlobalSection(SolutionProperties) = preSolution
		HideSolutionNode = FALSE
	EndGlobalSection
	GlobalSection(NestedProjects) = preSolution
		{26370D26-E882-4D4F-8990-8955AB170671} = {77100D32-5A51-4A14-AD05-0A9C5701A4E4}
		{7AEF11D8-F0D6-4AE9-A128-A16EC56806C0} = {78013E8A-125E-46DC-A2DD-0B2B3B5E87FA}
		{E60FF0E5-9166-43A1-B50C-F34D5251BD2B} = {78013E8A-125E-46DC-A2DD-0B2B3B5E87FA}
		{90D0FF68-9A04-4307-A7B9-6BCE44527701} = {797435E5-77B0-4F0D-8CA4-B910613C4042}
		{3B232217-D6A4-4DBA-91E1-BCF7B5F27584} = {797435E5-77B0-4F0D-8CA4-B910613C4042}
		{DED27F14-BF49-44FA-AD43-0114C331292D} = {A8F73AF5-131D-4E23-BCE9-CAAED44D8210}
		{0BE9FCBD-5C75-4113-A129-E8FD277E5CF7} = {36F0ED3D-E472-4C48-833A-A93EE8F0126F}
		{2A58883E-F7C8-4B7A-86FD-4F81F9C4287F} = {36F0ED3D-E472-4C48-833A-A93EE8F0126F}
	EndGlobalSection
	GlobalSection(ExtensibilityGlobals) = postSolution
		SolutionGuid = {103F897C-D14B-4FF2-955D-45B879D04458}
	EndGlobalSection
EndGlobal
